
Microsoft Visual Studio Solution File, Format Version 12.00
# Visual Studio Version 17
VisualStudioVersion = 17.8.34525.116
MinimumVisualStudioVersion = 10.0.40219.1
Project("{FAE04EC0-301F-11D3-BF4B-00C04F79EFBC}") = "2324_2Y_Integ1_2A_Demo", "2324_2Y_Integ1_2A_Demo\2324_2Y_Integ1_2A_Demo.csproj", "{5D2187A7-C117-4E5E-A65B-A2230A57AC9B}"
EndProject
Global
	GlobalSection(SolutionConfigurationPlatforms) = preSolution
		Debug|Any CPU = Debug|Any CPU
		Release|Any CPU = Release|Any CPU
	EndGlobalSection
	GlobalSection(ProjectConfigurationPlatforms) = postSolution
		{5D2187A7-C117-4E5E-A65B-A2230A57AC9B}.Debug|Any CPU.ActiveCfg = Debug|Any CPU
		{5D2187A7-C117-4E5E-A65B-A2230A57AC9B}.Debug|Any CPU.Build.0 = Debug|Any CPU
		{5D2187A7-C117-4E5E-A65B-A2230A57AC9B}.Release|Any CPU.ActiveCfg = Release|Any CPU
		{5D2187A7-C117-4E5E-A65B-A2230A57AC9B}.Release|Any CPU.Build.0 = Release|Any CPU
	EndGlobalSection
	GlobalSection(SolutionProperties) = preSolution
		HideSolutionNode = FALSE
	EndGlobalSection
	GlobalSection(ExtensibilityGlobals) = postSolution
		SolutionGuid = {52E1BA3C-20BB-497A-8206-CE5BB9CB016E}
	EndGlobalSection
EndGlobal
